
Microsoft Visual Studio Solution File, Format Version 12.00
# Visual Studio Version 16
VisualStudioVersion = 16.0.29613.14
MinimumVisualStudioVersion = 10.0.40219.1
Project("{FAE04EC0-301F-11D3-BF4B-00C04F79EFBC}") = "Notes.UWP", "Notes\Notes.UWP\Notes.UWP.csproj", "{A689EBBF-2857-4168-BE65-18FB779099A3}"
EndProject
Project("{FAE04EC0-301F-11D3-BF4B-00C04F79EFBC}") = "Notes.Android", "Notes\Notes.Android\Notes.Android.csproj", "{9F74EE04-43FF-4D8A-80C5-D3FBA6826A75}"
EndProject
Project("{FAE04EC0-301F-11D3-BF4B-00C04F79EFBC}") = "Notes.iOS", "Notes\Notes.iOS\Notes.iOS.csproj", "{DEDBDCD0-8E57-4C4D-89CE-D4D3491BCAD1}"
EndProject
Project("{FAE04EC0-301F-11D3-BF4B-00C04F79EFBC}") = "Notes", "Notes\Notes\Notes.csproj", "{F78238AB-25BE-4D5A-AB20-947D1320AD03}"
EndProject
Global
	GlobalSection(SolutionConfigurationPlatforms) = preSolution
		Debug|Any CPU = Debug|Any CPU
		Debug|ARM = Debug|ARM
		Debug|iPhone = Debug|iPhone
		Debug|iPhoneSimulator = Debug|iPhoneSimulator
		Debug|x64 = Debug|x64
		Debug|x86 = Debug|x86
		Release|Any CPU = Release|Any CPU
		Release|ARM = Release|ARM
		Release|iPhone = Release|iPhone
		Release|iPhoneSimulator = Release|iPhoneSimulator
		Release|x64 = Release|x64
		Release|x86 = Release|x86
	EndGlobalSection
	GlobalSection(ProjectConfigurationPlatforms) = postSolution
		{A689EBBF-2857-4168-BE65-18FB779099A3}.Debug|Any CPU.ActiveCfg = Debug|x86
		{A689EBBF-2857-4168-BE65-18FB779099A3}.Debug|Any CPU.Build.0 = Debug|x86
		{A689EBBF-2857-4168-BE65-18FB779099A3}.Debug|Any CPU.Deploy.0 = Debug|x86
		{A689EBBF-2857-4168-BE65-18FB779099A3}.Debug|ARM.ActiveCfg = Debug|ARM
		{A689EBBF-2857-4168-BE65-18FB779099A3}.Debug|ARM.Build.0 = Debug|ARM
		{A689EBBF-2857-4168-BE65-18FB779099A3}.Debug|ARM.Deploy.0 = Debug|ARM
		{A689EBBF-2857-4168-BE65-18FB779099A3}.Debug|iPhone.ActiveCfg = Debug|x86
		{A689EBBF-2857-4168-BE65-18FB779099A3}.Debug|iPhone.Build.0 = Debug|x86
		{A689EBBF-2857-4168-BE65-18FB779099A3}.Debug|iPhone.Deploy.0 = Debug|x86
		{A689EBBF-2857-4168-BE65-18FB779099A3}.Debug|iPhoneSimulator.ActiveCfg = Debug|x86
		{A689EBBF-2857-4168-BE65-18FB779099A3}.Debug|iPhoneSimulator.Build.0 = Debug|x86
		{A689EBBF-2857-4168-BE65-18FB779099A3}.Debug|iPhoneSimulator.Deploy.0 = Debug|x86
		{A689EBBF-2857-4168-BE65-18FB779099A3}.Debug|x64.ActiveCfg = Debug|x64
		{A689EBBF-2857-4168-BE65-18FB779099A3}.Debug|x64.Build.0 = Debug|x64
		{A689EBBF-2857-4168-BE65-18FB779099A3}.Debug|x64.Deploy.0 = Debug|x64
		{A689EBBF-2857-4168-BE65-18FB779099A3}.Debug|x86.ActiveCfg = Debug|x86
		{A689EBBF-2857-4168-BE65-18FB779099A3}.Debug|x86.Build.0 = Debug|x86
		{A689EBBF-2857-4168-BE65-18FB779099A3}.Debug|x86.Deploy.0 = Debug|x86
		{A689EBBF-2857-4168-BE65-18FB779099A3}.Release|Any CPU.ActiveCfg = Release|x86
		{A689EBBF-2857-4168-BE65-18FB779099A3}.Release|Any CPU.Build.0 = Release|x86
		{A689EBBF-2857-4168-BE65-18FB779099A3}.Release|Any CPU.Deploy.0 = Release|x86
		{A689EBBF-2857-4168-BE65-18FB779099A3}.Release|ARM.ActiveCfg = Release|ARM
		{A689EBBF-2857-4168-BE65-18FB779099A3}.Release|ARM.Build.0 = Release|ARM
		{A689EBBF-2857-4168-BE65-18FB779099A3}.Release|ARM.Deploy.0 = Release|ARM
		{A689EBBF-2857-4168-BE65-18FB779099A3}.Release|iPhone.ActiveCfg = Release|x86
		{A689EBBF-2857-4168-BE65-18FB779099A3}.Release|iPhone.Build.0 = Release|x86
		{A689EBBF-2857-4168-BE65-18FB779099A3}.Release|iPhone.Deploy.0 = Release|x86
		{A689EBBF-2857-4168-BE65-18FB779099A3}.Release|iPhoneSimulator.ActiveCfg = Release|x86
		{A689EBBF-2857-4168-BE65-18FB779099A3}.Release|iPhoneSimulator.Build.0 = Release|x86
		{A689EBBF-2857-4168-BE65-18FB779099A3}.Release|iPhoneSimulator.Deploy.0 = Release|x86
		{A689EBBF-2857-4168-BE65-18FB779099A3}.Release|x64.ActiveCfg = Release|x64
		{A689EBBF-2857-4168-BE65-18FB779099A3}.Release|x64.Build.0 = Release|x64
		{A689EBBF-2857-4168-BE65-18FB779099A3}.Release|x64.Deploy.0 = Release|x64
		{A689EBBF-2857-4168-BE65-18FB779099A3}.Release|x86.ActiveCfg = Release|x86
		{A689EBBF-2857-4168-BE65-18FB779099A3}.Release|x86.Build.0 = Release|x86
		{A689EBBF-2857-4168-BE65-18FB779099A3}.Release|x86.Deploy.0 = Release|x86
		{9F74EE04-43FF-4D8A-80C5-D3FBA6826A75}.Debug|Any CPU.ActiveCfg = Debug|Any CPU
		{9F74EE04-43FF-4D8A-80C5-D3FBA6826A75}.Debug|Any CPU.Build.0 = Debug|Any CPU
		{9F74EE04-43FF-4D8A-80C5-D3FBA6826A75}.Debug|Any CPU.Deploy.0 = Debug|Any CPU
		{9F74EE04-43FF-4D8A-80C5-D3FBA6826A75}.Debug|ARM.ActiveCfg = Debug|Any CPU
		{9F74EE04-43FF-4D8A-80C5-D3FBA6826A75}.Debug|ARM.Build.0 = Debug|Any CPU
		{9F74EE04-43FF-4D8A-80C5-D3FBA6826A75}.Debug|ARM.Deploy.0 = Debug|Any CPU
		{9F74EE04-43FF-4D8A-80C5-D3FBA6826A75}.Debug|iPhone.ActiveCfg = Debug|Any CPU
		{9F74EE04-43FF-4D8A-80C5-D3FBA6826A75}.Debug|iPhone.Build.0 = Debug|Any CPU
		{9F74EE04-43FF-4D8A-80C5-D3FBA6826A75}.Debug|iPhone.Deploy.0 = Debug|Any CPU
		{9F74EE04-43FF-4D8A-80C5-D3FBA6826A75}.Debug|iPhoneSimulator.ActiveCfg = Debug|Any CPU
		{9F74EE04-43FF-4D8A-80C5-D3FBA6826A75}.Debug|iPhoneSimulator.Build.0 = Debug|Any CPU
		{9F74EE04-43FF-4D8A-80C5-D3FBA6826A75}.Debug|iPhoneSimulator.Deploy.0 = Debug|Any CPU
		{9F74EE04-43FF-4D8A-80C5-D3FBA6826A75}.Debug|x64.ActiveCfg = Debug|Any CPU
		{9F74EE04-43FF-4D8A-80C5-D3FBA6826A75}.Debug|x64.Build.0 = Debug|Any CPU
		{9F74EE04-43FF-4D8A-80C5-D3FBA6826A75}.Debug|x64.Deploy.0 = Debug|Any CPU
		{9F74EE04-43FF-4D8A-80C5-D3FBA6826A75}.Debug|x86.ActiveCfg = Debug|Any CPU
		{9F74EE04-43FF-4D8A-80C5-D3FBA6826A75}.Debug|x86.Build.0 = Debug|Any CPU
		{9F74EE04-43FF-4D8A-80C5-D3FBA6826A75}.Debug|x86.Deploy.0 = Debug|Any CPU
		{9F74EE04-43FF-4D8A-80C5-D3FBA6826A75}.Release|Any CPU.ActiveCfg = Release|Any CPU
		{9F74EE04-43FF-4D8A-80C5-D3FBA6826A75}.Release|Any CPU.Build.0 = Release|Any CPU
		{9F74EE04-43FF-4D8A-80C5-D3FBA6826A75}.Release|Any CPU.Deploy.0 = Release|Any CPU
		{9F74EE04-43FF-4D8A-80C5-D3FBA6826A75}.Release|ARM.ActiveCfg = Release|Any CPU
		{9F74EE04-43FF-4D8A-80C5-D3FBA6826A75}.Release|ARM.Build.0 = Release|Any CPU
		{9F74EE04-43FF-4D8A-80C5-D3FBA6826A75}.Release|ARM.Deploy.0 = Release|Any CPU
		{9F74EE04-43FF-4D8A-80C5-D3FBA6826A75}.Release|iPhone.ActiveCfg = Release|Any CPU
		{9F74EE04-43FF-4D8A-80C5-D3FBA6826A75}.Release|iPhone.Build.0 = Release|Any CPU
		{9F74EE04-43FF-4D8A-80C5-D3FBA6826A75}.Release|iPhone.Deploy.0 = Release|Any CPU
		{9F74EE04-43FF-4D8A-80C5-D3FBA6826A75}.Release|iPhoneSimulator.ActiveCfg = Release|Any CPU
		{9F74EE04-43FF-4D8A-80C5-D3FBA6826A75}.Release|iPhoneSimulator.Build.0 = Release|Any CPU
		{9F74EE04-43FF-4D8A-80C5-D3FBA6826A75}.Release|iPhoneSimulator.Deploy.0 = Release|Any CPU
		{9F74EE04-43FF-4D8A-80C5-D3FBA6826A75}.Release|x64.ActiveCfg = Release|Any CPU
		{9F74EE04-43FF-4D8A-80C5-D3FBA6826A75}.Release|x64.Build.0 = Release|Any CPU
		{9F74EE04-43FF-4D8A-80C5-D3FBA6826A75}.Release|x64.Deploy.0 = Release|Any CPU
		{9F74EE04-43FF-4D8A-80C5-D3FBA6826A75}.Release|x86.ActiveCfg = Release|Any CPU
		{9F74EE04-43FF-4D8A-80C5-D3FBA6826A75}.Release|x86.Build.0 = Release|Any CPU
		{9F74EE04-43FF-4D8A-80C5-D3FBA6826A75}.Release|x86.Deploy.0 = Release|Any CPU
		{DEDBDCD0-8E57-4C4D-89CE-D4D3491BCAD1}.Debug|Any CPU.ActiveCfg = Debug|iPhone
		{DEDBDCD0-8E57-4C4D-89CE-D4D3491BCAD1}.Debug|Any CPU.Build.0 = Debug|iPhone
		{DEDBDCD0-8E57-4C4D-89CE-D4D3491BCAD1}.Debug|Any CPU.Deploy.0 = Debug|iPhone
		{DEDBDCD0-8E57-4C4D-89CE-D4D3491BCAD1}.Debug|ARM.ActiveCfg = Debug|iPhoneSimulator
		{DEDBDCD0-8E57-4C4D-89CE-D4D3491BCAD1}.Debug|ARM.Build.0 = Debug|iPhoneSimulator
		{DEDBDCD0-8E57-4C4D-89CE-D4D3491BCAD1}.Debug|ARM.Deploy.0 = Debug|iPhoneSimulator
		{DEDBDCD0-8E57-4C4D-89CE-D4D3491BCAD1}.Debug|iPhone.ActiveCfg = Debug|iPhone
		{DEDBDCD0-8E57-4C4D-89CE-D4D3491BCAD1}.Debug|iPhone.Build.0 = Debug|iPhone
		{DEDBDCD0-8E57-4C4D-89CE-D4D3491BCAD1}.Debug|iPhone.Deploy.0 = Debug|iPhone
		{DEDBDCD0-8E57-4C4D-89CE-D4D3491BCAD1}.Debug|iPhoneSimulator.ActiveCfg = Debug|iPhoneSimulator
		{DEDBDCD0-8E57-4C4D-89CE-D4D3491BCAD1}.Debug|iPhoneSimulator.Build.0 = Debug|iPhoneSimulator
		{DEDBDCD0-8E57-4C4D-89CE-D4D3491BCAD1}.Debug|iPhoneSimulator.Deploy.0 = Debug|iPhoneSimulator
		{DEDBDCD0-8E57-4C4D-89CE-D4D3491BCAD1}.Debug|x64.ActiveCfg = Debug|iPhone
		{DEDBDCD0-8E57-4C4D-89CE-D4D3491BCAD1}.Debug|x64.Build.0 = Debug|iPhone
		{DEDBDCD0-8E57-4C4D-89CE-D4D3491BCAD1}.Debug|x64.Deploy.0 = Debug|iPhone
		{DEDBDCD0-8E57-4C4D-89CE-D4D3491BCAD1}.Debug|x86.ActiveCfg = Debug|iPhone
		{DEDBDCD0-8E57-4C4D-89CE-D4D3491BCAD1}.Debug|x86.Build.0 = Debug|iPhone
		{DEDBDCD0-8E57-4C4D-89CE-D4D3491BCAD1}.Debug|x86.Deploy.0 = Debug|iPhone
		{DEDBDCD0-8E57-4C4D-89CE-D4D3491BCAD1}.Release|Any CPU.ActiveCfg = Release|iPhone
		{DEDBDCD0-8E57-4C4D-89CE-D4D3491BCAD1}.Release|Any CPU.Build.0 = Release|iPhone
		{DEDBDCD0-8E57-4C4D-89CE-D4D3491BCAD1}.Release|Any CPU.Deploy.0 = Release|iPhone
		{DEDBDCD0-8E57-4C4D-89CE-D4D3491BCAD1}.Release|ARM.ActiveCfg = Release|iPhone
		{DEDBDCD0-8E57-4C4D-89CE-D4D3491BCAD1}.Release|ARM.Build.0 = Release|iPhone
		{DEDBDCD0-8E57-4C4D-89CE-D4D3491BCAD1}.Release|ARM.Deploy.0 = Release|iPhone
		{DEDBDCD0-8E57-4C4D-89CE-D4D3491BCAD1}.Release|iPhone.ActiveCfg = Release|iPhone
		{DEDBDCD0-8E57-4C4D-89CE-D4D3491BCAD1}.Release|iPhone.Build.0 = Release|iPhone
		{DEDBDCD0-8E57-4C4D-89CE-D4D3491BCAD1}.Release|iPhone.Deploy.0 = Release|iPhone
		{DEDBDCD0-8E57-4C4D-89CE-D4D3491BCAD1}.Release|iPhoneSimulator.ActiveCfg = Release|iPhoneSimulator
		{DEDBDCD0-8E57-4C4D-89CE-D4D3491BCAD1}.Release|iPhoneSimulator.Build.0 = Release|iPhoneSimulator
		{DEDBDCD0-8E57-4C4D-89CE-D4D3491BCAD1}.Release|iPhoneSimulator.Deploy.0 = Release|iPhoneSimulator
		{DEDBDCD0-8E57-4C4D-89CE-D4D3491BCAD1}.Release|x64.ActiveCfg = Release|iPhone
		{DEDBDCD0-8E57-4C4D-89CE-D4D3491BCAD1}.Release|x64.Build.0 = Release|iPhone
		{DEDBDCD0-8E57-4C4D-89CE-D4D3491BCAD1}.Release|x64.Deploy.0 = Release|iPhone
		{DEDBDCD0-8E57-4C4D-89CE-D4D3491BCAD1}.Release|x86.ActiveCfg = Release|iPhone
		{DEDBDCD0-8E57-4C4D-89CE-D4D3491BCAD1}.Release|x86.Build.0 = Release|iPhone
		{DEDBDCD0-8E57-4C4D-89CE-D4D3491BCAD1}.Release|x86.Deploy.0 = Release|iPhone
		{F78238AB-25BE-4D5A-AB20-947D1320AD03}.Debug|Any CPU.ActiveCfg = Debug|Any CPU
		{F78238AB-25BE-4D5A-AB20-947D1320AD03}.Debug|Any CPU.Build.0 = Debug|Any CPU
		{F78238AB-25BE-4D5A-AB20-947D1320AD03}.Debug|Any CPU.Deploy.0 = Debug|Any CPU
		{F78238AB-25BE-4D5A-AB20-947D1320AD03}.Debug|ARM.ActiveCfg = Debug|Any CPU
		{F78238AB-25BE-4D5A-AB20-947D1320AD03}.Debug|ARM.Build.0 = Debug|Any CPU
		{F78238AB-25BE-4D5A-AB20-947D1320AD03}.Debug|ARM.Deploy.0 = Debug|Any CPU
		{F78238AB-25BE-4D5A-AB20-947D1320AD03}.Debug|iPhone.ActiveCfg = Debug|Any CPU
		{F78238AB-25BE-4D5A-AB20-947D1320AD03}.Debug|iPhone.Build.0 = Debug|Any CPU
		{F78238AB-25BE-4D5A-AB20-947D1320AD03}.Debug|iPhone.Deploy.0 = Debug|Any CPU
		{F78238AB-25BE-4D5A-AB20-947D1320AD03}.Debug|iPhoneSimulator.ActiveCfg = Debug|Any CPU
		{F78238AB-25BE-4D5A-AB20-947D1320AD03}.Debug|iPhoneSimulator.Build.0 = Debug|Any CPU
		{F78238AB-25BE-4D5A-AB20-947D1320AD03}.Debug|iPhoneSimulator.Deploy.0 = Debug|Any CPU
		{F78238AB-25BE-4D5A-AB20-947D1320AD03}.Debug|x64.ActiveCfg = Debug|Any CPU
		{F78238AB-25BE-4D5A-AB20-947D1320AD03}.Debug|x64.Build.0 = Debug|Any CPU
		{F78238AB-25BE-4D5A-AB20-947D1320AD03}.Debug|x64.Deploy.0 = Debug|Any CPU
		{F78238AB-25BE-4D5A-AB20-947D1320AD03}.Debug|x86.ActiveCfg = Debug|Any CPU
		{F78238AB-25BE-4D5A-AB20-947D1320AD03}.Debug|x86.Build.0 = Debug|Any CPU
		{F78238AB-25BE-4D5A-AB20-947D1320AD03}.Debug|x86.Deploy.0 = Debug|Any CPU
		{F78238AB-25BE-4D5A-AB20-947D1320AD03}.Release|Any CPU.ActiveCfg = Release|Any CPU
		{F78238AB-25BE-4D5A-AB20-947D1320AD03}.Release|Any CPU.Build.0 = Release|Any CPU
		{F78238AB-25BE-4D5A-AB20-947D1320AD03}.Release|Any CPU.Deploy.0 = Release|Any CPU
		{F78238AB-25BE-4D5A-AB20-947D1320AD03}.Release|ARM.ActiveCfg = Release|Any CPU
		{F78238AB-25BE-4D5A-AB20-947D1320AD03}.Release|ARM.Build.0 = Release|Any CPU
		{F78238AB-25BE-4D5A-AB20-947D1320AD03}.Release|ARM.Deploy.0 = Release|Any CPU
		{F78238AB-25BE-4D5A-AB20-947D1320AD03}.Release|iPhone.ActiveCfg = Release|Any CPU
		{F78238AB-25BE-4D5A-AB20-947D1320AD03}.Release|iPhone.Build.0 = Release|Any CPU
		{F78238AB-25BE-4D5A-AB20-947D1320AD03}.Release|iPhone.Deploy.0 = Release|Any CPU
		{F78238AB-25BE-4D5A-AB20-947D1320AD03}.Release|iPhoneSimulator.ActiveCfg = Release|Any CPU
		{F78238AB-25BE-4D5A-AB20-947D1320AD03}.Release|iPhoneSimulator.Build.0 = Release|Any CPU
		{F78238AB-25BE-4D5A-AB20-947D1320AD03}.Release|iPhoneSimulator.Deploy.0 = Release|Any CPU
		{F78238AB-25BE-4D5A-AB20-947D1320AD03}.Release|x64.ActiveCfg = Release|Any CPU
		{F78238AB-25BE-4D5A-AB20-947D1320AD03}.Release|x64.Build.0 = Release|Any CPU
		{F78238AB-25BE-4D5A-AB20-947D1320AD03}.Release|x64.Deploy.0 = Release|Any CPU
		{F78238AB-25BE-4D5A-AB20-947D1320AD03}.Release|x86.ActiveCfg = Release|Any CPU
		{F78238AB-25BE-4D5A-AB20-947D1320AD03}.Release|x86.Build.0 = Release|Any CPU
		{F78238AB-25BE-4D5A-AB20-947D1320AD03}.Release|x86.Deploy.0 = Release|Any CPU
	EndGlobalSection
	GlobalSection(SolutionProperties) = preSolution
		HideSolutionNode = FALSE
	EndGlobalSection
	GlobalSection(ExtensibilityGlobals) = postSolution
		SolutionGuid = {5DCC0E94-D492-4F37-AA7A-51D697D3E572}
	EndGlobalSection
EndGlobal
